
Microsoft Visual Studio Solution File, Format Version 10.00
# Visual Studio 2008
Project("{FAE04EC0-301F-11D3-BF4B-00C04F79EFBC}") = "PacManGame", "PacManGame\PacManGame.csproj", "{CADC4EB3-6903-4461-B0F8-79741DFC6CDF}"
EndProject
Global
	GlobalSection(SolutionConfigurationPlatforms) = preSolution
		Debug|Any CPU = Debug|Any CPU
		Release|Any CPU = Release|Any CPU
	EndGlobalSection
	GlobalSection(ProjectConfigurationPlatforms) = postSolution
		{CADC4EB3-6903-4461-B0F8-79741DFC6CDF}.Debug|Any CPU.ActiveCfg = Debug|Any CPU
		{CADC4EB3-6903-4461-B0F8-79741DFC6CDF}.Debug|Any CPU.Build.0 = Debug|Any CPU
		{CADC4EB3-6903-4461-B0F8-79741DFC6CDF}.Release|Any CPU.ActiveCfg = Release|Any CPU
		{CADC4EB3-6903-4461-B0F8-79741DFC6CDF}.Release|Any CPU.Build.0 = Release|Any CPU
	EndGlobalSection
	GlobalSection(SolutionProperties) = preSolution
		HideSolutionNode = FALSE
	EndGlobalSection
EndGlobal
